// !$*UTF8*$!
{
	archiveVersion = 1;
	classes = {
	};
	objectVersion = 50;
	objects = {

/* Begin PBXBuildFile section */
		E10B2AE621B6E91200EA1A2A /* AppDelegate.swift in Sources */ = {isa = PBXBuildFile; fileRef = E10B2AE521B6E91200EA1A2A /* AppDelegate.swift */; };
		E10B2AE821B6E91200EA1A2A /* ViewController.swift in Sources */ = {isa = PBXBuildFile; fileRef = E10B2AE721B6E91200EA1A2A /* ViewController.swift */; };
		E10B2AEB21B6E91200EA1A2A /* Main.storyboard in Resources */ = {isa = PBXBuildFile; fileRef = E10B2AE921B6E91200EA1A2A /* Main.storyboard */; };
		E10B2AED21B6E91700EA1A2A /* Assets.xcassets in Resources */ = {isa = PBXBuildFile; fileRef = E10B2AEC21B6E91700EA1A2A /* Assets.xcassets */; };
		E10B2AF021B6E91700EA1A2A /* LaunchScreen.storyboard in Resources */ = {isa = PBXBuildFile; fileRef = E10B2AEE21B6E91700EA1A2A /* LaunchScreen.storyboard */; };
		E10B2AF821B6EDB400EA1A2A /* CustomCollectionViewCell.swift in Sources */ = {isa = PBXBuildFile; fileRef = E10B2AF721B6EDB400EA1A2A /* CustomCollectionViewCell.swift */; };
		E10B2AFA21B6F0CD00EA1A2A /* CustomCollectionViewFlowLayout.swift in Sources */ = {isa = PBXBuildFile; fileRef = E10B2AF921B6F0CD00EA1A2A /* CustomCollectionViewFlowLayout.swift */; };
/* End PBXBuildFile section */

/* Begin PBXFileReference section */
		E10B2AE221B6E91200EA1A2A /* Sample-CollectionViewFlowLayout.app */ = {isa = PBXFileReference; explicitFileType = wrapper.application; includeInIndex = 0; path = "Sample-CollectionViewFlowLayout.app"; sourceTree = BUILT_PRODUCTS_DIR; };
		E10B2AE521B6E91200EA1A2A /* AppDelegate.swift */ = {isa = PBXFileReference; lastKnownFileType = sourcecode.swift; path = AppDelegate.swift; sourceTree = "<group>"; };
		E10B2AE721B6E91200EA1A2A /* ViewController.swift */ = {isa = PBXFileReference; lastKnownFileType = sourcecode.swift; path = ViewController.swift; sourceTree = "<group>"; };
		E10B2AEA21B6E91200EA1A2A /* Base */ = {isa = PBXFileReference; lastKnownFileType = file.storyboard; name = Base; path = Base.lproj/Main.storyboard; sourceTree = "<group>"; };
		E10B2AEC21B6E91700EA1A2A /* Assets.xcassets */ = {isa = PBXFileReference; lastKnownFileType = folder.assetcatalog; path = Assets.xcassets; sourceTree = "<group>"; };
		E10B2AEF21B6E91700EA1A2A /* Base */ = {isa = PBXFileReference; lastKnownFileType = file.storyboard; name = Base; path = Base.lproj/LaunchScreen.storyboard; sourceTree = "<group>"; };
		E10B2AF121B6E91700EA1A2A /* Info.plist */ = {isa = PBXFileReference; lastKnownFileType = text.plist.xml; path = Info.plist; sourceTree = "<group>"; };
		E10B2AF721B6EDB400EA1A2A /* CustomCollectionViewCell.swift */ = {isa = PBXFileReference; lastKnownFileType = sourcecode.swift; path = CustomCollectionViewCell.swift; sourceTree = "<group>"; };
		E10B2AF921B6F0CD00EA1A2A /* CustomCollectionViewFlowLayout.swift */ = {isa = PBXFileReference; lastKnownFileType = sourcecode.swift; path = CustomCollectionViewFlowLayout.swift; sourceTree = "<group>"; };
/* End PBXFileReference section */

/* Begin PBXFrameworksBuildPhase section */
		E10B2ADF21B6E91200EA1A2A /* Frameworks */ = {
			isa = PBXFrameworksBuildPhase;
			buildActionMask = 2147483647;
			files = (
			);
			runOnlyForDeploymentPostprocessing = 0;
		};
/* End PBXFrameworksBuildPhase section */

/* Begin PBXGroup section */
		E10B2AD921B6E91200EA1A2A = {
			isa = PBXGroup;
			children = (
				E10B2AE421B6E91200EA1A2A /* Sample-CollectionViewFlowLayout */,
				E10B2AE321B6E91200EA1A2A /* Products */,
			);
			sourceTree = "<group>";
		};
		E10B2AE321B6E91200EA1A2A /* Products */ = {
			isa = PBXGroup;
			children = (
				E10B2AE221B6E91200EA1A2A /* Sample-CollectionViewFlowLayout.app */,
			);
			name = Products;
			sourceTree = "<group>";
		};
		E10B2AE421B6E91200EA1A2A /* Sample-CollectionViewFlowLayout */ = {
			isa = PBXGroup;
			children = (
				E10B2AE521B6E91200EA1A2A /* AppDelegate.swift */,
				E10B2AE721B6E91200EA1A2A /* ViewController.swift */,
				E10B2AE921B6E91200EA1A2A /* Main.storyboard */,
				E10B2AEC21B6E91700EA1A2A /* Assets.xcassets */,
				E10B2AEE21B6E91700EA1A2A /* LaunchScreen.storyboard */,
				E10B2AF121B6E91700EA1A2A /* Info.plist */,
				E10B2AF721B6EDB400EA1A2A /* CustomCollectionViewCell.swift */,
				E10B2AF921B6F0CD00EA1A2A /* CustomCollectionViewFlowLayout.swift */,
			);
			path = "Sample-CollectionViewFlowLayout";
			sourceTree = "<group>";
		};
/* End PBXGroup section */

/* Begin PBXNativeTarget section */
		E10B2AE121B6E91200EA1A2A /* Sample-CollectionViewFlowLayout */ = {
			isa = PBXNativeTarget;
			buildConfigurationList = E10B2AF421B6E91700EA1A2A /* Build configuration list for PBXNativeTarget "Sample-CollectionViewFlowLayout" */;
			buildPhases = (
				E10B2ADE21B6E91200EA1A2A /* Sources */,
				E10B2ADF21B6E91200EA1A2A /* Frameworks */,
				E10B2AE021B6E91200EA1A2A /* Resources */,
			);
			buildRules = (
			);
			dependencies = (
			);
			name = "Sample-CollectionViewFlowLayout";
			productName = "Sample-CollectionViewFlowLayout";
			productReference = E10B2AE221B6E91200EA1A2A /* Sample-CollectionViewFlowLayout.app */;
			productType = "com.apple.product-type.application";
		};
/* End PBXNativeTarget section */

/* Begin PBXProject section */
		E10B2ADA21B6E91200EA1A2A /* Project object */ = {
			isa = PBXProject;
			attributes = {
				LastSwiftUpdateCheck = 1010;
				LastUpgradeCheck = 1010;
				ORGANIZATIONNAME = Takumi;
				TargetAttributes = {
					E10B2AE121B6E91200EA1A2A = {
						CreatedOnToolsVersion = 10.1;
					};
				};
			};
			buildConfigurationList = E10B2ADD21B6E91200EA1A2A /* Build configuration list for PBXProject "Sample-CollectionViewFlowLayout" */;
			compatibilityVersion = "Xcode 9.3";
			developmentRegion = en;
			hasScannedForEncodings = 0;
			knownRegions = (
				en,
				Base,
			);
			mainGroup = E10B2AD921B6E91200EA1A2A;
			productRefGroup = E10B2AE321B6E91200EA1A2A /* Products */;
			projectDirPath = "";
			projectRoot = "";
			targets = (
				E10B2AE121B6E91200EA1A2A /* Sample-CollectionViewFlowLayout */,
			);
		};
/* End PBXProject section */

/* Begin PBXResourcesBuildPhase section */
		E10B2AE021B6E91200EA1A2A /* Resources */ = {
			isa = PBXResourcesBuildPhase;
			buildActionMask = 2147483647;
			files = (
				E10B2AF021B6E91700EA1A2A /* LaunchScreen.storyboard in Resources */,
				E10B2AED21B6E91700EA1A2A /* Assets.xcassets in Resources */,
				E10B2AEB21B6E91200EA1A2A /* Main.storyboard in Resources */,
			);
			runOnlyForDeploymentPostprocessing = 0;
		};
/* End PBXResourcesBuildPhase section */

/* Begin PBXSourcesBuildPhase section */
		E10B2ADE21B6E91200EA1A2A /* Sources */ = {
			isa = PBXSourcesBuildPhase;
			buildActionMask = 2147483647;
			files = (
				E10B2AE821B6E91200EA1A2A /* ViewController.swift in Sources */,
				E10B2AF821B6EDB400EA1A2A /* CustomCollectionViewCell.swift in Sources */,
				E10B2AE621B6E91200EA1A2A /* AppDelegate.swift in Sources */,
				E10B2AFA21B6F0CD00EA1A2A /* CustomCollectionViewFlowLayout.swift in Sources */,
			);
			runOnlyForDeploymentPostprocessing = 0;
		};
/* End PBXSourcesBuildPhase section */

/* Begin PBXVariantGroup section */
		E10B2AE921B6E91200EA1A2A /* Main.storyboard */ = {
			isa = PBXVariantGroup;
			children = (
				E10B2AEA21B6E91200EA1A2A /* Base */,
			);
			name = Main.storyboard;
			sourceTree = "<group>";
		};
		E10B2AEE21B6E91700EA1A2A /* LaunchScreen.storyboard */ = {
			isa = PBXVariantGroup;
			children = (
				E10B2AEF21B6E91700EA1A2A /* Base */,
			);
			name = LaunchScreen.storyboard;
			sourceTree = "<group>";
		};
/* End PBXVariantGroup section */

/* Begin XCBuildConfiguration section */
		E10B2AF221B6E91700EA1A2A /* Debug */ = {
			isa = XCBuildConfiguration;
			buildSettings = {
				ALWAYS_SEARCH_USER_PATHS = NO;
				CLANG_ANALYZER_NONNULL = YES;
				CLANG_ANALYZER_NUMBER_OBJECT_CONVERSION = YES_AGGRESSIVE;
				CLANG_CXX_LANGUAGE_STANDARD = "gnu++14";
				CLANG_CXX_LIBRARY = "libc++";
				CLANG_ENABLE_MODULES = YES;
				CLANG_ENABLE_OBJC_ARC = YES;
				CLANG_ENABLE_OBJC_WEAK = YES;
				CLANG_WARN_BLOCK_CAPTURE_AUTORELEASING = YES;
				CLANG_WARN_BOOL_CONVERSION = YES;
				CLANG_WARN_COMMA = YES;
				CLANG_WARN_CONSTANT_CONVERSION = YES;
				CLANG_WARN_DEPRECATED_OBJC_IMPLEMENTATIONS = YES;
				CLANG_WARN_DIRECT_OBJC_ISA_USAGE = YES_ERROR;
				CLANG_WARN_DOCUMENTATION_COMMENTS = YES;
				CLANG_WARN_EMPTY_BODY = YES;
				CLANG_WARN_ENUM_CONVERSION = YES;
				CLANG_WARN_INFINITE_RECURSION = YES;
				CLANG_WARN_INT_CONVERSION = YES;
				CLANG_WARN_NON_LITERAL_NULL_CONVERSION = YES;
				CLANG_WARN_OBJC_IMPLICIT_RETAIN_SELF = YES;
				CLANG_WARN_OBJC_LITERAL_CONVERSION = YES;
				CLANG_WARN_OBJC_ROOT_CLASS = YES_ERROR;
				CLANG_WARN_RANGE_LOOP_ANALYSIS = YES;
				CLANG_WARN_STRICT_PROTOTYPES = YES;
				CLANG_WARN_SUSPICIOUS_MOVE = YES;
				CLANG_WARN_UNGUARDED_AVAILABILITY = YES_AGGRESSIVE;
				CLANG_WARN_UNREACHABLE_CODE = YES;
				CLANG_WARN__DUPLICATE_METHOD_MATCH = YES;
				CODE_SIGN_IDENTITY = "iPhone Developer";
				COPY_PHASE_STRIP = NO;
				DEBUG_INFORMATION_FORMAT = dwarf;
				ENABLE_STRICT_OBJC_MSGSEND = YES;
				ENABLE_TESTABILITY = YES;
				GCC_C_LANGUAGE_STANDARD = gnu11;
				GCC_DYNAMIC_NO_PIC = NO;
				GCC_NO_COMMON_BLOCKS = YES;
				GCC_OPTIMIZATION_LEVEL = 0;
				GCC_PREPROCESSOR_DEFINITIONS = (
					"DEBUG=1",
					"$(inherited)",
				);
				GCC_WARN_64_TO_32_BIT_CONVERSION = YES;
				GCC_WARN_ABOUT_RETURN_TYPE = YES_ERROR;
				GCC_WARN_UNDECLARED_SELECTOR = YES;
				GCC_WARN_UNINITIALIZED_AUTOS = YES_AGGRESSIVE;
				GCC_WARN_UNUSED_FUNCTION = YES;
				GCC_WARN_UNUSED_VARIABLE = YES;
				IPHONEOS_DEPLOYMENT_TARGET = 12.1;
				MTL_ENABLE_DEBUG_INFO = INCLUDE_SOURCE;
				MTL_FAST_MATH = YES;
				ONLY_ACTIVE_ARCH = YES;
				SDKROOT = iphoneos;
				SWIFT_ACTIVE_COMPILATION_CONDITIONS = DEBUG;
				SWIFT_OPTIMIZATION_LEVEL = "-Onone";
			};
			name = Debug;
		};
		E10B2AF321B6E91700EA1A2A /* Release */ = {
			isa = XCBuildConfiguration;
			buildSettings = {
				ALWAYS_SEARCH_USER_PATHS = NO;
				CLANG_ANALYZER_NONNULL = YES;
				CLANG_ANALYZER_NUMBER_OBJECT_CONVERSION = YES_AGGRESSIVE;
				CLANG_CXX_LANGUAGE_STANDARD = "gnu++14";
				CLANG_CXX_LIBRARY = "libc++";
				CLANG_ENABLE_MODULES = YES;
				CLANG_ENABLE_OBJC_ARC = YES;
				CLANG_ENABLE_OBJC_WEAK = YES;
				CLANG_WARN_BLOCK_CAPTURE_AUTORELEASING = YES;
				CLANG_WARN_BOOL_CONVERSION = YES;
				CLANG_WARN_COMMA = YES;
				CLANG_WARN_CONSTANT_CONVERSION = YES;
				CLANG_WARN_DEPRECATED_OBJC_IMPLEMENTATIONS = YES;
				CLANG_WARN_DIRECT_OBJC_ISA_USAGE = YES_ERROR;
				CLANG_WARN_DOCUMENTATION_COMMENTS = YES;
				CLANG_WARN_EMPTY_BODY = YES;
				CLANG_WARN_ENUM_CONVERSION = YES;
				CLANG_WARN_INFINITE_RECURSION = YES;
				CLANG_WARN_INT_CONVERSION = YES;
				CLANG_WARN_NON_LITERAL_NULL_CONVERSION = YES;
				CLANG_WARN_OBJC_IMPLICIT_RETAIN_SELF = YES;
				CLANG_WARN_OBJC_LITERAL_CONVERSION = YES;
				CLANG_WARN_OBJC_ROOT_CLASS = YES_ERROR;
				CLANG_WARN_RANGE_LOOP_ANALYSIS = YES;
				CLANG_WARN_STRICT_PROTOTYPES = YES;
				CLANG_WARN_SUSPICIOUS_MOVE = YES;
				CLANG_WARN_UNGUARDED_AVAILABILITY = YES_AGGRESSIVE;
				CLANG_WARN_UNREACHABLE_CODE = YES;
				CLANG_WARN__DUPLICATE_METHOD_MATCH = YES;
				CODE_SIGN_IDENTITY = "iPhone Developer";
				COPY_PHASE_STRIP = NO;
				DEBUG_INFORMATION_FORMAT = "dwarf-with-dsym";
				ENABLE_NS_ASSERTIONS = NO;
				ENABLE_STRICT_OBJC_MSGSEND = YES;
				GCC_C_LANGUAGE_STANDARD = gnu11;
				GCC_NO_COMMON_BLOCKS = YES;
				GCC_WARN_64_TO_32_BIT_CONVERSION = YES;
				GCC_WARN_ABOUT_RETURN_TYPE = YES_ERROR;
				GCC_WARN_UNDECLARED_SELECTOR = YES;
				GCC_WARN_UNINITIALIZED_AUTOS = YES_AGGRESSIVE;
				GCC_WARN_UNUSED_FUNCTION = YES;
				GCC_WARN_UNUSED_VARIABLE = YES;
				IPHONEOS_DEPLOYMENT_TARGET = 12.1;
				MTL_ENABLE_DEBUG_INFO = NO;
				MTL_FAST_MATH = YES;
				SDKROOT = iphoneos;
				SWIFT_COMPILATION_MODE = wholemodule;
				SWIFT_OPTIMIZATION_LEVEL = "-O";
				VALIDATE_PRODUCT = YES;
			};
			name = Release;
		};
		E10B2AF521B6E91700EA1A2A /* Debug */ = {
			isa = XCBuildConfiguration;
			buildSettings = {
				ASSETCATALOG_COMPILER_APPICON_NAME = AppIcon;
				CODE_SIGN_STYLE = Automatic;
				DEVELOPMENT_TEAM = 73CEKQYV9L;
				INFOPLIST_FILE = "Sample-CollectionViewFlowLayout/Info.plist";
				LD_RUNPATH_SEARCH_PATHS = (
					"$(inherited)",
					"@executable_path/Frameworks",
				);
				PRODUCT_BUNDLE_IDENTIFIER = "jp.takumi.sample.collectionviewflowlayout.Sample-CollectionViewFlowLayout";
				PRODUCT_NAME = "$(TARGET_NAME)";
				SWIFT_VERSION = 4.2;
				TARGETED_DEVICE_FAMILY = "1,2";
			};
			name = Debug;
		};
		E10B2AF621B6E91700EA1A2A /* Release */ = {
			isa = XCBuildConfiguration;
			buildSettings = {
				ASSETCATALOG_COMPILER_APPICON_NAME = AppIcon;
				CODE_SIGN_STYLE = Automatic;
				DEVELOPMENT_TEAM = 73CEKQYV9L;
				INFOPLIST_FILE = "Sample-CollectionViewFlowLayout/Info.plist";
				LD_RUNPATH_SEARCH_PATHS = (
					"$(inherited)",
					"@executable_path/Frameworks",
				);
				PRODUCT_BUNDLE_IDENTIFIER = "jp.takumi.sample.collectionviewflowlayout.Sample-CollectionViewFlowLayout";
				PRODUCT_NAME = "$(TARGET_NAME)";
				SWIFT_VERSION = 4.2;
				TARGETED_DEVICE_FAMILY = "1,2";
			};
			name = Release;
		};
/* End XCBuildConfiguration section */

/* Begin XCConfigurationList section */
		E10B2ADD21B6E91200EA1A2A /* Build configuration list for PBXProject "Sample-CollectionViewFlowLayout" */ = {
			isa = XCConfigurationList;
			buildConfigurations = (
				E10B2AF221B6E91700EA1A2A /* Debug */,
				E10B2AF321B6E91700EA1A2A /* Release */,
			);
			defaultConfigurationIsVisible = 0;
			defaultConfigurationName = Release;
		};
		E10B2AF421B6E91700EA1A2A /* Build configuration list for PBXNativeTarget "Sample-CollectionViewFlowLayout" */ = {
			isa = XCConfigurationList;
			buildConfigurations = (
				E10B2AF521B6E91700EA1A2A /* Debug */,
				E10B2AF621B6E91700EA1A2A /* Release */,
			);
			defaultConfigurationIsVisible = 0;
			defaultConfigurationName = Release;
		};
/* End XCConfigurationList section */
	};
	rootObject = E10B2ADA21B6E91200EA1A2A /* Project object */;
}
